
Microsoft Visual Studio Solution File, Format Version 12.00
# Visual Studio Version 17
VisualStudioVersion = 17.3.32929.385
MinimumVisualStudioVersion = 10.0.40219.1
Project("{FAE04EC0-301F-11D3-BF4B-00C04F79EFBC}") = "ConsoleApp2", "ConsoleApp2\ConsoleApp2.csproj", "{F018483E-97C0-479F-B3C5-6CE0FBE5F27A}"
EndProject
Global
	GlobalSection(SolutionConfigurationPlatforms) = preSolution
		Debug|Any CPU = Debug|Any CPU
		Release|Any CPU = Release|Any CPU
	EndGlobalSection
	GlobalSection(ProjectConfigurationPlatforms) = postSolution
		{F018483E-97C0-479F-B3C5-6CE0FBE5F27A}.Debug|Any CPU.ActiveCfg = Debug|Any CPU
		{F018483E-97C0-479F-B3C5-6CE0FBE5F27A}.Debug|Any CPU.Build.0 = Debug|Any CPU
		{F018483E-97C0-479F-B3C5-6CE0FBE5F27A}.Release|Any CPU.ActiveCfg = Release|Any CPU
		{F018483E-97C0-479F-B3C5-6CE0FBE5F27A}.Release|Any CPU.Build.0 = Release|Any CPU
	EndGlobalSection
	GlobalSection(SolutionProperties) = preSolution
		HideSolutionNode = FALSE
	EndGlobalSection
	GlobalSection(ExtensibilityGlobals) = postSolution
		SolutionGuid = {CB617074-3427-4E87-AC1F-9CA8B8B0DBD8}
	EndGlobalSection
EndGlobal
